
Microsoft Visual Studio Solution File, Format Version 12.00
# Visual Studio Version 17
VisualStudioVersion = 17.5.33516.290
MinimumVisualStudioVersion = 10.0.40219.1
Project("{FAE04EC0-301F-11D3-BF4B-00C04F79EFBC}") = "cs23_collection", "cs23_collection\cs23_collection.csproj", "{1CFB8AEE-5E52-401D-8B37-CB0802551C47}"
EndProject
Project("{FAE04EC0-301F-11D3-BF4B-00C04F79EFBC}") = "cs24_generic", "cs24_generic\cs24_generic.csproj", "{3FE6B342-8755-4402-B9C5-D41F530810F3}"
EndProject
Project("{FAE04EC0-301F-11D3-BF4B-00C04F79EFBC}") = "cs25_exception", "cs25_exception\cs25_exception.csproj", "{9A6A0597-E244-4E15-9FB1-3EA8EF3A2611}"
EndProject
Global
	GlobalSection(SolutionConfigurationPlatforms) = preSolution
		Debug|Any CPU = Debug|Any CPU
		Release|Any CPU = Release|Any CPU
	EndGlobalSection
	GlobalSection(ProjectConfigurationPlatforms) = postSolution
		{1CFB8AEE-5E52-401D-8B37-CB0802551C47}.Debug|Any CPU.ActiveCfg = Debug|Any CPU
		{1CFB8AEE-5E52-401D-8B37-CB0802551C47}.Debug|Any CPU.Build.0 = Debug|Any CPU
		{1CFB8AEE-5E52-401D-8B37-CB0802551C47}.Release|Any CPU.ActiveCfg = Release|Any CPU
		{1CFB8AEE-5E52-401D-8B37-CB0802551C47}.Release|Any CPU.Build.0 = Release|Any CPU
		{3FE6B342-8755-4402-B9C5-D41F530810F3}.Debug|Any CPU.ActiveCfg = Debug|Any CPU
		{3FE6B342-8755-4402-B9C5-D41F530810F3}.Debug|Any CPU.Build.0 = Debug|Any CPU
		{3FE6B342-8755-4402-B9C5-D41F530810F3}.Release|Any CPU.ActiveCfg = Release|Any CPU
		{3FE6B342-8755-4402-B9C5-D41F530810F3}.Release|Any CPU.Build.0 = Release|Any CPU
		{9A6A0597-E244-4E15-9FB1-3EA8EF3A2611}.Debug|Any CPU.ActiveCfg = Debug|Any CPU
		{9A6A0597-E244-4E15-9FB1-3EA8EF3A2611}.Debug|Any CPU.Build.0 = Debug|Any CPU
		{9A6A0597-E244-4E15-9FB1-3EA8EF3A2611}.Release|Any CPU.ActiveCfg = Release|Any CPU
		{9A6A0597-E244-4E15-9FB1-3EA8EF3A2611}.Release|Any CPU.Build.0 = Release|Any CPU
	EndGlobalSection
	GlobalSection(SolutionProperties) = preSolution
		HideSolutionNode = FALSE
	EndGlobalSection
	GlobalSection(ExtensibilityGlobals) = postSolution
		SolutionGuid = {479AF30C-3B31-4F88-9FFF-A95378711992}
	EndGlobalSection
EndGlobal
