
Microsoft Visual Studio Solution File, Format Version 12.00
# Visual Studio Version 17
VisualStudioVersion = 17.5.33516.290
MinimumVisualStudioVersion = 10.0.40219.1
Project("{FAE04EC0-301F-11D3-BF4B-00C04F79EFBC}") = "number_1_app", "number_1_app\number_1_app.csproj", "{0A0B45E9-58DB-449F-8DC9-3DC0AFCD433B}"
EndProject
Project("{FAE04EC0-301F-11D3-BF4B-00C04F79EFBC}") = "number_2__app", "number_2__app\number_2__app.csproj", "{E87B7E78-9767-4F62-ABD4-89F46CCBD5BA}"
EndProject
Project("{FAE04EC0-301F-11D3-BF4B-00C04F79EFBC}") = "number_3_app", "number_3_app\number_3_app.csproj", "{3A249356-B512-4916-BD18-4A922A6BDF4F}"
EndProject
Project("{FAE04EC0-301F-11D3-BF4B-00C04F79EFBC}") = "number_4_app", "number_4_app\number_4_app.csproj", "{62346EF8-DA13-4F70-8E5B-13001DD56B32}"
EndProject
Project("{FAE04EC0-301F-11D3-BF4B-00C04F79EFBC}") = "number_5_app", "number_5_app\number_5_app.csproj", "{0DE8CBD1-0CF3-4EF3-8CBE-482FE75750A2}"
EndProject
Global
	GlobalSection(SolutionConfigurationPlatforms) = preSolution
		Debug|Any CPU = Debug|Any CPU
		Release|Any CPU = Release|Any CPU
	EndGlobalSection
	GlobalSection(ProjectConfigurationPlatforms) = postSolution
		{0A0B45E9-58DB-449F-8DC9-3DC0AFCD433B}.Debug|Any CPU.ActiveCfg = Debug|Any CPU
		{0A0B45E9-58DB-449F-8DC9-3DC0AFCD433B}.Debug|Any CPU.Build.0 = Debug|Any CPU
		{0A0B45E9-58DB-449F-8DC9-3DC0AFCD433B}.Release|Any CPU.ActiveCfg = Release|Any CPU
		{0A0B45E9-58DB-449F-8DC9-3DC0AFCD433B}.Release|Any CPU.Build.0 = Release|Any CPU
		{E87B7E78-9767-4F62-ABD4-89F46CCBD5BA}.Debug|Any CPU.ActiveCfg = Debug|Any CPU
		{E87B7E78-9767-4F62-ABD4-89F46CCBD5BA}.Debug|Any CPU.Build.0 = Debug|Any CPU
		{E87B7E78-9767-4F62-ABD4-89F46CCBD5BA}.Release|Any CPU.ActiveCfg = Release|Any CPU
		{E87B7E78-9767-4F62-ABD4-89F46CCBD5BA}.Release|Any CPU.Build.0 = Release|Any CPU
		{3A249356-B512-4916-BD18-4A922A6BDF4F}.Debug|Any CPU.ActiveCfg = Debug|Any CPU
		{3A249356-B512-4916-BD18-4A922A6BDF4F}.Debug|Any CPU.Build.0 = Debug|Any CPU
		{3A249356-B512-4916-BD18-4A922A6BDF4F}.Release|Any CPU.ActiveCfg = Release|Any CPU
		{3A249356-B512-4916-BD18-4A922A6BDF4F}.Release|Any CPU.Build.0 = Release|Any CPU
		{62346EF8-DA13-4F70-8E5B-13001DD56B32}.Debug|Any CPU.ActiveCfg = Debug|Any CPU
		{62346EF8-DA13-4F70-8E5B-13001DD56B32}.Debug|Any CPU.Build.0 = Debug|Any CPU
		{62346EF8-DA13-4F70-8E5B-13001DD56B32}.Release|Any CPU.ActiveCfg = Release|Any CPU
		{62346EF8-DA13-4F70-8E5B-13001DD56B32}.Release|Any CPU.Build.0 = Release|Any CPU
		{0DE8CBD1-0CF3-4EF3-8CBE-482FE75750A2}.Debug|Any CPU.ActiveCfg = Debug|Any CPU
		{0DE8CBD1-0CF3-4EF3-8CBE-482FE75750A2}.Debug|Any CPU.Build.0 = Debug|Any CPU
		{0DE8CBD1-0CF3-4EF3-8CBE-482FE75750A2}.Release|Any CPU.ActiveCfg = Release|Any CPU
		{0DE8CBD1-0CF3-4EF3-8CBE-482FE75750A2}.Release|Any CPU.Build.0 = Release|Any CPU
	EndGlobalSection
	GlobalSection(SolutionProperties) = preSolution
		HideSolutionNode = FALSE
	EndGlobalSection
	GlobalSection(ExtensibilityGlobals) = postSolution
		SolutionGuid = {26549942-E5EC-4672-8CDD-F28F7EF09B63}
	EndGlobalSection
EndGlobal
